# THIS IS AN AUTOGENERATED FILE. DO NOT EDIT THIS FILE DIRECTLY.
# yarn lockfile v1


bard-ai@^2.0.3:
  version "2.0.3"
  resolved "https://registry.yarnpkg.com/bard-ai/-/bard-ai-2.0.3.tgz#5b7ee9dd9e19f9635dfd533116e59a545c52f94d"
  integrity sha512-vlL5t4RG3MMG2m2JdZB/6DbcFlHaxdoDqvOOaOTS7pt/VR971pTAFjrjIZV25iiNvcDkzl6/Y2vrqCYkSwGyxg==
